
Microsoft Visual Studio Solution File, Format Version 12.00
# Visual Studio Version 17
VisualStudioVersion = 17.0.32014.148
MinimumVisualStudioVersion = 10.0.40219.1
Project("{8BC9CEB8-8B4A-11D0-8D11-00A0C91BC942}") = "Raycaster", "Raycaster\Raycaster.vcxproj", "{C317FC1E-1518-4DB7-B67E-76819B4F893A}"
EndProject
Global
	GlobalSection(SolutionConfigurationPlatforms) = preSolution
		Debug|x64 = Debug|x64
		Debug|x86 = Debug|x86
		Release|x64 = Release|x64
		Release|x86 = Release|x86
	EndGlobalSection
	GlobalSection(ProjectConfigurationPlatforms) = postSolution
		{C317FC1E-1518-4DB7-B67E-76819B4F893A}.Debug|x64.ActiveCfg = Debug|x64
		{C317FC1E-1518-4DB7-B67E-76819B4F893A}.Debug|x64.Build.0 = Debug|x64
		{C317FC1E-1518-4DB7-B67E-76819B4F893A}.Debug|x86.ActiveCfg = Debug|Win32
		{C317FC1E-1518-4DB7-B67E-76819B4F893A}.Debug|x86.Build.0 = Debug|Win32
		{C317FC1E-1518-4DB7-B67E-76819B4F893A}.Release|x64.ActiveCfg = Release|x64
		{C317FC1E-1518-4DB7-B67E-76819B4F893A}.Release|x64.Build.0 = Release|x64
		{C317FC1E-1518-4DB7-B67E-76819B4F893A}.Release|x86.ActiveCfg = Release|Win32
		{C317FC1E-1518-4DB7-B67E-76819B4F893A}.Release|x86.Build.0 = Release|Win32
	EndGlobalSection
	GlobalSection(SolutionProperties) = preSolution
		HideSolutionNode = FALSE
	EndGlobalSection
	GlobalSection(ExtensibilityGlobals) = postSolution
		SolutionGuid = {0D0EA6A8-DC21-44ED-8279-168D26749770}
	EndGlobalSection
EndGlobal
